
Microsoft Visual Studio Solution File, Format Version 12.00
# Visual Studio Version 17
VisualStudioVersion = 17.14.36511.14 d17.14
MinimumVisualStudioVersion = 10.0.40219.1
Project("{FAE04EC0-301F-11D3-BF4B-00C04F79EFBC}") = "BOOKDB", "BOOKDB\BOOKDB.csproj", "{2779789D-CAEC-4D01-B11E-DFF417A7ECDE}"
EndProject
Global
	GlobalSection(SolutionConfigurationPlatforms) = preSolution
		Debug|Any CPU = Debug|Any CPU
		Release|Any CPU = Release|Any CPU
	EndGlobalSection
	GlobalSection(ProjectConfigurationPlatforms) = postSolution
		{2779789D-CAEC-4D01-B11E-DFF417A7ECDE}.Debug|Any CPU.ActiveCfg = Debug|Any CPU
		{2779789D-CAEC-4D01-B11E-DFF417A7ECDE}.Debug|Any CPU.Build.0 = Debug|Any CPU
		{2779789D-CAEC-4D01-B11E-DFF417A7ECDE}.Release|Any CPU.ActiveCfg = Release|Any CPU
		{2779789D-CAEC-4D01-B11E-DFF417A7ECDE}.Release|Any CPU.Build.0 = Release|Any CPU
	EndGlobalSection
	GlobalSection(SolutionProperties) = preSolution
		HideSolutionNode = FALSE
	EndGlobalSection
	GlobalSection(ExtensibilityGlobals) = postSolution
		SolutionGuid = {1E8CEC5B-ABE2-4211-9AB5-E853BAE0FFA3}
	EndGlobalSection
EndGlobal
